
Microsoft Visual Studio Solution File, Format Version 12.00
# Visual Studio Version 17
VisualStudioVersion = 17.5.33516.290
MinimumVisualStudioVersion = 10.0.40219.1
Project("{FAE04EC0-301F-11D3-BF4B-00C04F79EFBC}") = "MusicStore_App2", "MusicStore_App2\MusicStore_App2.csproj", "{6CB89016-C5D2-412D-9366-5F6E9D445F39}"
EndProject
Global
	GlobalSection(SolutionConfigurationPlatforms) = preSolution
		Debug|Any CPU = Debug|Any CPU
		Release|Any CPU = Release|Any CPU
	EndGlobalSection
	GlobalSection(ProjectConfigurationPlatforms) = postSolution
		{6CB89016-C5D2-412D-9366-5F6E9D445F39}.Debug|Any CPU.ActiveCfg = Debug|Any CPU
		{6CB89016-C5D2-412D-9366-5F6E9D445F39}.Debug|Any CPU.Build.0 = Debug|Any CPU
		{6CB89016-C5D2-412D-9366-5F6E9D445F39}.Release|Any CPU.ActiveCfg = Release|Any CPU
		{6CB89016-C5D2-412D-9366-5F6E9D445F39}.Release|Any CPU.Build.0 = Release|Any CPU
	EndGlobalSection
	GlobalSection(SolutionProperties) = preSolution
		HideSolutionNode = FALSE
	EndGlobalSection
	GlobalSection(ExtensibilityGlobals) = postSolution
		SolutionGuid = {1340CB23-8BA6-43E6-B15A-4B15EBBEAF57}
	EndGlobalSection
EndGlobal
